
Microsoft Visual Studio Solution File, Format Version 12.00
# Visual Studio 2013
VisualStudioVersion = 12.0.40629.0
MinimumVisualStudioVersion = 10.0.40219.1
Project("{FAE04EC0-301F-11D3-BF4B-00C04F79EFBC}") = "MetopeMVCApp", "MetopeMVCApp\MetopeMVCApp.csproj", "{2835FDBA-96BA-4D5C-850D-A909BB12F4E3}"
EndProject
Project("{2150E333-8FDC-42A3-9474-1A3956D46DE8}") = ".nuget", ".nuget", "{9DA8DD1B-FA60-46A4-AFF2-33D92CC64CD4}"
	ProjectSection(SolutionItems) = preProject
		.nuget\NuGet.Config = .nuget\NuGet.Config
		.nuget\NuGet.exe = .nuget\NuGet.exe
		.nuget\NuGet.targets = .nuget\NuGet.targets
	EndProjectSection
EndProject
Project("{FAE04EC0-301F-11D3-BF4B-00C04F79EFBC}") = "MetopeMVCApp.Test", "MetopeMVCApp.Test\MetopeMVCApp.Test.csproj", "{F5171AF5-31DA-432D-9DDB-258816CAB2B4}"
EndProject
Project("{FAE04EC0-301F-11D3-BF4B-00C04F79EFBC}") = "Metope.DAL", "Metope.DAL\Metope.DAL.csproj", "{68C48D83-179F-4049-AAA8-A42991B04F5F}"
EndProject
Project("{FAE04EC0-301F-11D3-BF4B-00C04F79EFBC}") = "Metope.WebAPI", "Metope.WebAPI\Metope.WebAPI.csproj", "{FF23BCD5-6D29-4F60-9670-45938EBDCC4E}"
EndProject
Global
	GlobalSection(SolutionConfigurationPlatforms) = preSolution
		Debug|Any CPU = Debug|Any CPU
		Release|Any CPU = Release|Any CPU
	EndGlobalSection
	GlobalSection(ProjectConfigurationPlatforms) = postSolution
		{2835FDBA-96BA-4D5C-850D-A909BB12F4E3}.Debug|Any CPU.ActiveCfg = Debug|Any CPU
		{2835FDBA-96BA-4D5C-850D-A909BB12F4E3}.Debug|Any CPU.Build.0 = Debug|Any CPU
		{2835FDBA-96BA-4D5C-850D-A909BB12F4E3}.Release|Any CPU.ActiveCfg = Release|Any CPU
		{2835FDBA-96BA-4D5C-850D-A909BB12F4E3}.Release|Any CPU.Build.0 = Release|Any CPU
		{F5171AF5-31DA-432D-9DDB-258816CAB2B4}.Debug|Any CPU.ActiveCfg = Debug|Any CPU
		{F5171AF5-31DA-432D-9DDB-258816CAB2B4}.Debug|Any CPU.Build.0 = Debug|Any CPU
		{F5171AF5-31DA-432D-9DDB-258816CAB2B4}.Release|Any CPU.ActiveCfg = Release|Any CPU
		{F5171AF5-31DA-432D-9DDB-258816CAB2B4}.Release|Any CPU.Build.0 = Release|Any CPU
		{68C48D83-179F-4049-AAA8-A42991B04F5F}.Debug|Any CPU.ActiveCfg = Debug|Any CPU
		{68C48D83-179F-4049-AAA8-A42991B04F5F}.Debug|Any CPU.Build.0 = Debug|Any CPU
		{68C48D83-179F-4049-AAA8-A42991B04F5F}.Release|Any CPU.ActiveCfg = Release|Any CPU
		{68C48D83-179F-4049-AAA8-A42991B04F5F}.Release|Any CPU.Build.0 = Release|Any CPU
		{FF23BCD5-6D29-4F60-9670-45938EBDCC4E}.Debug|Any CPU.ActiveCfg = Debug|Any CPU
		{FF23BCD5-6D29-4F60-9670-45938EBDCC4E}.Debug|Any CPU.Build.0 = Debug|Any CPU
		{FF23BCD5-6D29-4F60-9670-45938EBDCC4E}.Release|Any CPU.ActiveCfg = Release|Any CPU
		{FF23BCD5-6D29-4F60-9670-45938EBDCC4E}.Release|Any CPU.Build.0 = Release|Any CPU
	EndGlobalSection
	GlobalSection(SolutionProperties) = preSolution
		HideSolutionNode = FALSE
	EndGlobalSection
EndGlobal
